
Microsoft Visual Studio Solution File, Format Version 11.00
# Visual C++ Express 2010
Project("{8BC9CEB8-8B4A-11D0-8D11-00A0C91BC942}") = "avs2pipe", "avs2pipe.vcxproj", "{A09796B9-1A39-4815-8970-C19376E195F6}"
EndProject
Global
	GlobalSection(SolutionConfigurationPlatforms) = preSolution
		Debug|Win32 = Debug|Win32
		Release|Win32 = Release|Win32
		Release26|Win32 = Release26|Win32
	EndGlobalSection
	GlobalSection(ProjectConfigurationPlatforms) = postSolution
		{A09796B9-1A39-4815-8970-C19376E195F6}.Debug|Win32.ActiveCfg = Debug|Win32
		{A09796B9-1A39-4815-8970-C19376E195F6}.Debug|Win32.Build.0 = Debug|Win32
		{A09796B9-1A39-4815-8970-C19376E195F6}.Release|Win32.ActiveCfg = Release|Win32
		{A09796B9-1A39-4815-8970-C19376E195F6}.Release|Win32.Build.0 = Release|Win32
		{A09796B9-1A39-4815-8970-C19376E195F6}.Release26|Win32.ActiveCfg = Release26|Win32
		{A09796B9-1A39-4815-8970-C19376E195F6}.Release26|Win32.Build.0 = Release26|Win32
	EndGlobalSection
	GlobalSection(SolutionProperties) = preSolution
		HideSolutionNode = FALSE
	EndGlobalSection
EndGlobal
